// !$*UTF8*$!
{
	archiveVersion = 1;
	classes = {
	};
	objectVersion = 77;
	objects = {

/* Begin PBXBuildFile section */
		04D62390FB3F076A51C9B942 /* VLCKit in Frameworks */ = {isa = PBXBuildFile; productRef = 335187A134082E869E357489 /* VLCKit */; };
		3D520F3C55284134956991B7 /* AppDelegate.swift in Sources */ = {isa = PBXBuildFile; fileRef = E48BF24C81066D3E9B9920D5 /* AppDelegate.swift */; };
		42556EC0547AA003AEB1BA22 /* CarPlay.framework in Frameworks */ = {isa = PBXBuildFile; fileRef = 52EAA4B4703AC5A1E3678DE3 /* CarPlay.framework */; };
		82389E7E85899602B1EE3A09 /* $(VLC_SHARED_FRAMEWORK_PATH) in Embed Frameworks */ = {isa = PBXBuildFile; fileRef = 0EF723608B7873844B8658BC /* $(VLC_SHARED_FRAMEWORK_PATH) */; settings = {ATTRIBUTES = (CodeSignOnCopy, RemoveHeadersOnCopy, ); }; };
		9DDD10A1BBFE08AFE22891FD /* VlcKitPipBridge.swift in Sources */ = {isa = PBXBuildFile; fileRef = 399847AE7520F5D9D0EC7CD7 /* VlcKitPipBridge.swift */; };
		A4C394D7E43ADA8CE0FF07BF /* VlcKitNetworkBrowser.swift in Sources */ = {isa = PBXBuildFile; fileRef = 607C8408946D36A7E750425A /* VlcKitNetworkBrowser.swift */; };
		A8F53B3824CC3F9EC673EAE9 /* VlcKitCropBridge.m in Sources */ = {isa = PBXBuildFile; fileRef = 636EC51380A9A5A81DAEEB88 /* VlcKitCropBridge.m */; };
		B8A2D11D4CE19ECCEED4B486 /* $(VLC_SHARED_FRAMEWORK_PATH) in Frameworks */ = {isa = PBXBuildFile; fileRef = 0EF723608B7873844B8658BC /* $(VLC_SHARED_FRAMEWORK_PATH) */; };
		BFE8BDF267FAB7F638FC4494 /* VlcExternalDisplayController.swift in Sources */ = {isa = PBXBuildFile; fileRef = 4939DA2549803F7D1EBDE79C /* VlcExternalDisplayController.swift */; };
		C75B33B8AE0A4FBEF8337C3A /* IosMediaImportBridge.swift in Sources */ = {isa = PBXBuildFile; fileRef = 9801AC43732CBD1D7D08019C /* IosMediaImportBridge.swift */; };
		E83794AFAEF22BD4B47FB0AD /* MediaImporter.swift in Sources */ = {isa = PBXBuildFile; fileRef = 8E232693711721A109BA5E90 /* MediaImporter.swift */; };
		EAF63E4A768514B75A1F59DD /* VlcKitBackend.swift in Sources */ = {isa = PBXBuildFile; fileRef = C39A17B3461CF8B76D62B858 /* VlcKitBackend.swift */; };
		ED4022759B98E43D1F25DB69 /* VlcCarPlaySceneDelegate.swift in Sources */ = {isa = PBXBuildFile; fileRef = 7E8473F4B78D7AC063BA280C /* VlcCarPlaySceneDelegate.swift */; };
		F1FF83BC7560AE6E819F3F35 /* IosWifiSharingBridge.swift in Sources */ = {isa = PBXBuildFile; fileRef = 6C8D2FCB5515A848D092E90D /* IosWifiSharingBridge.swift */; };
/* End PBXBuildFile section */

/* Begin PBXCopyFilesBuildPhase section */
		27A1AA1C2FCC0F34C45CE0C9 /* Embed Frameworks */ = {
			isa = PBXCopyFilesBuildPhase;
			buildActionMask = 2147483647;
			dstPath = "";
			dstSubfolderSpec = 10;
			files = (
				82389E7E85899602B1EE3A09 /* $(VLC_SHARED_FRAMEWORK_PATH) in Embed Frameworks */,
			);
			name = "Embed Frameworks";
			runOnlyForDeploymentPostprocessing = 0;
		};
/* End PBXCopyFilesBuildPhase section */

/* Begin PBXFileReference section */
		0EF723608B7873844B8658BC /* $(VLC_SHARED_FRAMEWORK_PATH) */ = {isa = PBXFileReference; path = "$(VLC_SHARED_FRAMEWORK_PATH)"; sourceTree = "<group>"; };
		22A11BAFEB8D4945A280B6B0 /* VlcKitCropBridge.h */ = {isa = PBXFileReference; lastKnownFileType = sourcecode.c.h; path = VlcKitCropBridge.h; sourceTree = "<group>"; };
		399847AE7520F5D9D0EC7CD7 /* VlcKitPipBridge.swift */ = {isa = PBXFileReference; lastKnownFileType = sourcecode.swift; path = VlcKitPipBridge.swift; sourceTree = "<group>"; };
		3F15D2B0CA4AC7F6830CBF4A /* Info.plist */ = {isa = PBXFileReference; lastKnownFileType = text.plist; path = Info.plist; sourceTree = "<group>"; };
		4939DA2549803F7D1EBDE79C /* VlcExternalDisplayController.swift */ = {isa = PBXFileReference; lastKnownFileType = sourcecode.swift; path = VlcExternalDisplayController.swift; sourceTree = "<group>"; };
		52EAA4B4703AC5A1E3678DE3 /* CarPlay.framework */ = {isa = PBXFileReference; lastKnownFileType = wrapper.framework; name = CarPlay.framework; path = System/Library/Frameworks/CarPlay.framework; sourceTree = SDKROOT; };
		607C8408946D36A7E750425A /* VlcKitNetworkBrowser.swift */ = {isa = PBXFileReference; lastKnownFileType = sourcecode.swift; path = VlcKitNetworkBrowser.swift; sourceTree = "<group>"; };
		636EC51380A9A5A81DAEEB88 /* VlcKitCropBridge.m */ = {isa = PBXFileReference; lastKnownFileType = sourcecode.c.objc; path = VlcKitCropBridge.m; sourceTree = "<group>"; };
		6C8D2FCB5515A848D092E90D /* IosWifiSharingBridge.swift */ = {isa = PBXFileReference; lastKnownFileType = sourcecode.swift; path = IosWifiSharingBridge.swift; sourceTree = "<group>"; };
		7E8473F4B78D7AC063BA280C /* VlcCarPlaySceneDelegate.swift */ = {isa = PBXFileReference; lastKnownFileType = sourcecode.swift; path = VlcCarPlaySceneDelegate.swift; sourceTree = "<group>"; };
		872AE79B2B54F682D91B6907 /* VLC-iOS.app */ = {isa = PBXFileReference; includeInIndex = 0; lastKnownFileType = wrapper.application; path = "VLC-iOS.app"; sourceTree = BUILT_PRODUCTS_DIR; };
		8E232693711721A109BA5E90 /* MediaImporter.swift */ = {isa = PBXFileReference; lastKnownFileType = sourcecode.swift; path = MediaImporter.swift; sourceTree = "<group>"; };
		9801AC43732CBD1D7D08019C /* IosMediaImportBridge.swift */ = {isa = PBXFileReference; lastKnownFileType = sourcecode.swift; path = IosMediaImportBridge.swift; sourceTree = "<group>"; };
		C39A17B3461CF8B76D62B858 /* VlcKitBackend.swift */ = {isa = PBXFileReference; lastKnownFileType = sourcecode.swift; path = VlcKitBackend.swift; sourceTree = "<group>"; };
		D66E8A52891B1A66EDCACC29 /* VLC-iOS.entitlements */ = {isa = PBXFileReference; lastKnownFileType = text.plist.entitlements; path = "VLC-iOS.entitlements"; sourceTree = "<group>"; };
		E48BF24C81066D3E9B9920D5 /* AppDelegate.swift */ = {isa = PBXFileReference; lastKnownFileType = sourcecode.swift; path = AppDelegate.swift; sourceTree = "<group>"; };
/* End PBXFileReference section */

/* Begin PBXFrameworksBuildPhase section */
		096590C94E06A9124C47F5F9 /* Frameworks */ = {
			isa = PBXFrameworksBuildPhase;
			buildActionMask = 2147483647;
			files = (
				04D62390FB3F076A51C9B942 /* VLCKit in Frameworks */,
				42556EC0547AA003AEB1BA22 /* CarPlay.framework in Frameworks */,
				B8A2D11D4CE19ECCEED4B486 /* $(VLC_SHARED_FRAMEWORK_PATH) in Frameworks */,
			);
			runOnlyForDeploymentPostprocessing = 0;
		};
/* End PBXFrameworksBuildPhase section */

/* Begin PBXGroup section */
		1A38D43D20CA31240BEF093F /* App */ = {
			isa = PBXGroup;
			children = (
				E48BF24C81066D3E9B9920D5 /* AppDelegate.swift */,
				3F15D2B0CA4AC7F6830CBF4A /* Info.plist */,
				9801AC43732CBD1D7D08019C /* IosMediaImportBridge.swift */,
				6C8D2FCB5515A848D092E90D /* IosWifiSharingBridge.swift */,
				8E232693711721A109BA5E90 /* MediaImporter.swift */,
				D66E8A52891B1A66EDCACC29 /* VLC-iOS.entitlements */,
				7E8473F4B78D7AC063BA280C /* VlcCarPlaySceneDelegate.swift */,
				4939DA2549803F7D1EBDE79C /* VlcExternalDisplayController.swift */,
				C39A17B3461CF8B76D62B858 /* VlcKitBackend.swift */,
				22A11BAFEB8D4945A280B6B0 /* VlcKitCropBridge.h */,
				636EC51380A9A5A81DAEEB88 /* VlcKitCropBridge.m */,
				607C8408946D36A7E750425A /* VlcKitNetworkBrowser.swift */,
				399847AE7520F5D9D0EC7CD7 /* VlcKitPipBridge.swift */,
			);
			path = App;
			sourceTree = "<group>";
		};
		1F19D0F9383705786F5E94D9 /* Products */ = {
			isa = PBXGroup;
			children = (
				872AE79B2B54F682D91B6907 /* VLC-iOS.app */,
			);
			name = Products;
			sourceTree = "<group>";
		};
		DC3E5BEEAE6E7178EE391561 /* Frameworks */ = {
			isa = PBXGroup;
			children = (
				0EF723608B7873844B8658BC /* $(VLC_SHARED_FRAMEWORK_PATH) */,
				52EAA4B4703AC5A1E3678DE3 /* CarPlay.framework */,
			);
			name = Frameworks;
			sourceTree = "<group>";
		};
		EDF1B72A46F1201E8FC854B4 = {
			isa = PBXGroup;
			children = (
				1A38D43D20CA31240BEF093F /* App */,
				DC3E5BEEAE6E7178EE391561 /* Frameworks */,
				1F19D0F9383705786F5E94D9 /* Products */,
			);
			sourceTree = "<group>";
		};
/* End PBXGroup section */

/* Begin PBXNativeTarget section */
		83612D4DF332CE39BD2A4F4A /* VLC-iOS */ = {
			isa = PBXNativeTarget;
			buildConfigurationList = 241E1A255AFBB40DEA3A850A /* Build configuration list for PBXNativeTarget "VLC-iOS" */;
			buildPhases = (
				34AAE39EA98009920A7DC869 /* Build VLCShared framework */,
				CC7852A554FD9FCF7D2FD2B5 /* Sources */,
				096590C94E06A9124C47F5F9 /* Frameworks */,
				27A1AA1C2FCC0F34C45CE0C9 /* Embed Frameworks */,
			);
			buildRules = (
			);
			dependencies = (
			);
			name = "VLC-iOS";
			packageProductDependencies = (
				335187A134082E869E357489 /* VLCKit */,
			);
			productName = "VLC-iOS";
			productReference = 872AE79B2B54F682D91B6907 /* VLC-iOS.app */;
			productType = "com.apple.product-type.application";
		};
/* End PBXNativeTarget section */

/* Begin PBXProject section */
		E2E7DEF53F468C9E9D760D3C /* Project object */ = {
			isa = PBXProject;
			attributes = {
				BuildIndependentTargetsInParallel = YES;
				LastUpgradeCheck = 1430;
				TargetAttributes = {
					83612D4DF332CE39BD2A4F4A = {
						DevelopmentTeam = "";
						ProvisioningStyle = Automatic;
					};
				};
			};
			buildConfigurationList = FB8472A272E3947C3A49C3F0 /* Build configuration list for PBXProject "VLC-iOS" */;
			developmentRegion = en;
			hasScannedForEncodings = 0;
			knownRegions = (
				Base,
				en,
			);
			mainGroup = EDF1B72A46F1201E8FC854B4;
			minimizedProjectReferenceProxies = 1;
			packageReferences = (
				2920353C025CCCB9D83D616E /* XCRemoteSwiftPackageReference "VLCKit" */,
			);
			preferredProjectObjectVersion = 77;
			productRefGroup = 1F19D0F9383705786F5E94D9 /* Products */;
			projectDirPath = "";
			projectRoot = "";
			targets = (
				83612D4DF332CE39BD2A4F4A /* VLC-iOS */,
			);
		};
/* End PBXProject section */

/* Begin PBXShellScriptBuildPhase section */
		34AAE39EA98009920A7DC869 /* Build VLCShared framework */ = {
			isa = PBXShellScriptBuildPhase;
			alwaysOutOfDate = 1;
			buildActionMask = 2147483647;
			files = (
			);
			inputFileListPaths = (
			);
			inputPaths = (
			);
			name = "Build VLCShared framework";
			outputFileListPaths = (
			);
			outputPaths = (
			);
			runOnlyForDeploymentPostprocessing = 0;
			shellPath = /bin/sh;
			shellScript = "set -euo pipefail\nROOT=\"${SRCROOT}/..\"\ncd \"$ROOT\"\ncase \"${PLATFORM_NAME:-}\" in\n  iphonesimulator) kotlin_target=\"iosSimulatorArm64\" ;;\n  iphoneos) kotlin_target=\"iosArm64\" ;;\n  *) echo \"Unsupported iOS platform: ${PLATFORM_NAME:-unset}\" >&2; exit 1 ;;\nesac\ncase \"${CONFIGURATION:-}\" in\n  Debug|Release) ;;\n  *) echo \"Unsupported configuration: ${CONFIGURATION:-unset}\" >&2; exit 1 ;;\nesac\nif [ -x ./gradlew ]; then\n  gradle_command=./gradlew\nelif command -v gradle >/dev/null 2>&1; then\n  gradle_command=gradle\nelse\n  echo \"Gradle is required to build VLCShared. Install Gradle or add the wrapper.\" >&2\n  exit 1\nfi\n\"$gradle_command\" \":shared:link${CONFIGURATION}Framework${kotlin_target}\" --no-daemon --no-configuration-cache -q\n";
		};
/* End PBXShellScriptBuildPhase section */

/* Begin PBXSourcesBuildPhase section */
		CC7852A554FD9FCF7D2FD2B5 /* Sources */ = {
			isa = PBXSourcesBuildPhase;
			buildActionMask = 2147483647;
			files = (
				3D520F3C55284134956991B7 /* AppDelegate.swift in Sources */,
				C75B33B8AE0A4FBEF8337C3A /* IosMediaImportBridge.swift in Sources */,
				F1FF83BC7560AE6E819F3F35 /* IosWifiSharingBridge.swift in Sources */,
				E83794AFAEF22BD4B47FB0AD /* MediaImporter.swift in Sources */,
				ED4022759B98E43D1F25DB69 /* VlcCarPlaySceneDelegate.swift in Sources */,
				BFE8BDF267FAB7F638FC4494 /* VlcExternalDisplayController.swift in Sources */,
				EAF63E4A768514B75A1F59DD /* VlcKitBackend.swift in Sources */,
				A8F53B3824CC3F9EC673EAE9 /* VlcKitCropBridge.m in Sources */,
				A4C394D7E43ADA8CE0FF07BF /* VlcKitNetworkBrowser.swift in Sources */,
				9DDD10A1BBFE08AFE22891FD /* VlcKitPipBridge.swift in Sources */,
			);
			runOnlyForDeploymentPostprocessing = 0;
		};
/* End PBXSourcesBuildPhase section */

/* Begin XCBuildConfiguration section */
		03DB1188C6C055B755E50E7C /* Release */ = {
			isa = XCBuildConfiguration;
			buildSettings = {
				ALWAYS_EMBED_SWIFT_STANDARD_LIBRARIES = YES;
				ASSETCATALOG_COMPILER_APPICON_NAME = AppIcon;
				CODE_SIGN_ENTITLEMENTS = "App/VLC-iOS.entitlements";
				CODE_SIGN_IDENTITY = "iPhone Developer";
				CODE_SIGN_STYLE = Automatic;
				DEVELOPMENT_TEAM = "";
				ENABLE_BITCODE = NO;
				"EXCLUDED_ARCHS[sdk=iphonesimulator*]" = x86_64;
				FRAMEWORK_SEARCH_PATHS = (
					"$(inherited)",
					"$(VLC_SHARED_FRAMEWORK_DIRECTORY)",
					"\".\"",
				);
				INFOPLIST_FILE = App/Info.plist;
				INFOPLIST_KEY_CFBundleDisplayName = VLC;
				INFOPLIST_KEY_LSSupportsOpeningDocumentsInPlace = YES;
				INFOPLIST_KEY_NSPhotoLibraryUsageDescription = "VLC imports videos and audio from your photo library for playback.";
				INFOPLIST_KEY_UIApplicationSceneManifest_Generation = NO;
				INFOPLIST_KEY_UIFileSharingEnabled = YES;
				INFOPLIST_KEY_UILaunchScreen_Generation = YES;
				INFOPLIST_KEY_UISupportedInterfaceOrientations = "UIInterfaceOrientationPortrait UIInterfaceOrientationLandscapeLeft UIInterfaceOrientationLandscapeRight";
				LD_RUNPATH_SEARCH_PATHS = (
					"$(inherited)",
					"@executable_path/Frameworks",
				);
				OTHER_LDFLAGS = (
					"$(inherited)",
					"-framework",
					VLCShared,
				);
				PRODUCT_BUNDLE_IDENTIFIER = "org.videolan.vlc-ios";
				PRODUCT_NAME = "VLC-iOS";
				SDKROOT = iphoneos;
				TARGETED_DEVICE_FAMILY = "1,2";
				VLC_SHARED_BUILD_TYPE = release;
				VLC_SHARED_FRAMEWORK_DIRECTORY = "$(SRCROOT)/../shared/build/bin/$(VLC_SHARED_KOTLIN_TARGET)/$(VLC_SHARED_BUILD_TYPE)Framework";
				VLC_SHARED_FRAMEWORK_PATH = "$(VLC_SHARED_FRAMEWORK_DIRECTORY)/VLCShared.framework";
				"VLC_SHARED_KOTLIN_TARGET[sdk=iphoneos*]" = iosArm64;
				"VLC_SHARED_KOTLIN_TARGET[sdk=iphonesimulator*]" = iosSimulatorArm64;
			};
			name = Release;
		};
		132E632F63103FD6DEC441CD /* Release */ = {
			isa = XCBuildConfiguration;
			buildSettings = {
				ALWAYS_SEARCH_USER_PATHS = NO;
				CLANG_ANALYZER_NONNULL = YES;
				CLANG_ANALYZER_NUMBER_OBJECT_CONVERSION = YES_AGGRESSIVE;
				CLANG_CXX_LANGUAGE_STANDARD = "gnu++14";
				CLANG_CXX_LIBRARY = "libc++";
				CLANG_ENABLE_MODULES = YES;
				CLANG_ENABLE_OBJC_ARC = YES;
				CLANG_ENABLE_OBJC_WEAK = YES;
				CLANG_WARN_BLOCK_CAPTURE_AUTORELEASING = YES;
				CLANG_WARN_BOOL_CONVERSION = YES;
				CLANG_WARN_COMMA = YES;
				CLANG_WARN_CONSTANT_CONVERSION = YES;
				CLANG_WARN_DEPRECATED_OBJC_IMPLEMENTATIONS = YES;
				CLANG_WARN_DIRECT_OBJC_ISA_USAGE = YES_ERROR;
				CLANG_WARN_DOCUMENTATION_COMMENTS = YES;
				CLANG_WARN_EMPTY_BODY = YES;
				CLANG_WARN_ENUM_CONVERSION = YES;
				CLANG_WARN_INFINITE_RECURSION = YES;
				CLANG_WARN_INT_CONVERSION = YES;
				CLANG_WARN_NON_LITERAL_NULL_CONVERSION = YES;
				CLANG_WARN_OBJC_IMPLICIT_RETAIN_SELF = YES;
				CLANG_WARN_OBJC_LITERAL_CONVERSION = YES;
				CLANG_WARN_OBJC_ROOT_CLASS = YES_ERROR;
				CLANG_WARN_QUOTED_INCLUDE_IN_FRAMEWORK_HEADER = YES;
				CLANG_WARN_RANGE_LOOP_ANALYSIS = YES;
				CLANG_WARN_STRICT_PROTOTYPES = YES;
				CLANG_WARN_SUSPICIOUS_MOVE = YES;
				CLANG_WARN_UNGUARDED_AVAILABILITY = YES_AGGRESSIVE;
				CLANG_WARN_UNREACHABLE_CODE = YES;
				CLANG_WARN__DUPLICATE_METHOD_MATCH = YES;
				COPY_PHASE_STRIP = NO;
				DEBUG_INFORMATION_FORMAT = "dwarf-with-dsym";
				ENABLE_NS_ASSERTIONS = NO;
				ENABLE_STRICT_OBJC_MSGSEND = YES;
				ENABLE_USER_SCRIPT_SANDBOXING = NO;
				GCC_C_LANGUAGE_STANDARD = gnu11;
				GCC_NO_COMMON_BLOCKS = YES;
				GCC_WARN_64_TO_32_BIT_CONVERSION = YES;
				GCC_WARN_ABOUT_RETURN_TYPE = YES_ERROR;
				GCC_WARN_UNDECLARED_SELECTOR = YES;
				GCC_WARN_UNINITIALIZED_AUTOS = YES_AGGRESSIVE;
				GCC_WARN_UNUSED_FUNCTION = YES;
				GCC_WARN_UNUSED_VARIABLE = YES;
				IPHONEOS_DEPLOYMENT_TARGET = 16.0;
				MTL_ENABLE_DEBUG_INFO = NO;
				MTL_FAST_MATH = YES;
				PRODUCT_NAME = "$(TARGET_NAME)";
				SDKROOT = iphoneos;
				SWIFT_COMPILATION_MODE = wholemodule;
				SWIFT_OBJC_BRIDGING_HEADER = App/VlcKitCropBridge.h;
				SWIFT_OPTIMIZATION_LEVEL = "-O";
				SWIFT_VERSION = 5.0;
				TARGETED_DEVICE_FAMILY = "1,2";
			};
			name = Release;
		};
		1BCE250A5DB7734D3E998CFA /* Debug */ = {
			isa = XCBuildConfiguration;
			buildSettings = {
				ALWAYS_EMBED_SWIFT_STANDARD_LIBRARIES = YES;
				ASSETCATALOG_COMPILER_APPICON_NAME = AppIcon;
				CODE_SIGN_ENTITLEMENTS = "App/VLC-iOS.entitlements";
				CODE_SIGN_IDENTITY = "iPhone Developer";
				CODE_SIGN_STYLE = Automatic;
				DEVELOPMENT_TEAM = "";
				ENABLE_BITCODE = NO;
				"EXCLUDED_ARCHS[sdk=iphonesimulator*]" = x86_64;
				FRAMEWORK_SEARCH_PATHS = (
					"$(inherited)",
					"$(VLC_SHARED_FRAMEWORK_DIRECTORY)",
					"\".\"",
				);
				INFOPLIST_FILE = App/Info.plist;
				INFOPLIST_KEY_CFBundleDisplayName = VLC;
				INFOPLIST_KEY_LSSupportsOpeningDocumentsInPlace = YES;
				INFOPLIST_KEY_NSPhotoLibraryUsageDescription = "VLC imports videos and audio from your photo library for playback.";
				INFOPLIST_KEY_UIApplicationSceneManifest_Generation = NO;
				INFOPLIST_KEY_UIFileSharingEnabled = YES;
				INFOPLIST_KEY_UILaunchScreen_Generation = YES;
				INFOPLIST_KEY_UISupportedInterfaceOrientations = "UIInterfaceOrientationPortrait UIInterfaceOrientationLandscapeLeft UIInterfaceOrientationLandscapeRight";
				LD_RUNPATH_SEARCH_PATHS = (
					"$(inherited)",
					"@executable_path/Frameworks",
				);
				OTHER_LDFLAGS = (
					"$(inherited)",
					"-framework",
					VLCShared,
				);
				PRODUCT_BUNDLE_IDENTIFIER = "org.videolan.vlc-ios";
				PRODUCT_NAME = "VLC-iOS";
				SDKROOT = iphoneos;
				TARGETED_DEVICE_FAMILY = "1,2";
				VLC_SHARED_BUILD_TYPE = debug;
				VLC_SHARED_FRAMEWORK_DIRECTORY = "$(SRCROOT)/../shared/build/bin/$(VLC_SHARED_KOTLIN_TARGET)/$(VLC_SHARED_BUILD_TYPE)Framework";
				VLC_SHARED_FRAMEWORK_PATH = "$(VLC_SHARED_FRAMEWORK_DIRECTORY)/VLCShared.framework";
				"VLC_SHARED_KOTLIN_TARGET[sdk=iphoneos*]" = iosArm64;
				"VLC_SHARED_KOTLIN_TARGET[sdk=iphonesimulator*]" = iosSimulatorArm64;
			};
			name = Debug;
		};
		8A508BC863DE0A42B58114DB /* Debug */ = {
			isa = XCBuildConfiguration;
			buildSettings = {
				ALWAYS_SEARCH_USER_PATHS = NO;
				CLANG_ANALYZER_NONNULL = YES;
				CLANG_ANALYZER_NUMBER_OBJECT_CONVERSION = YES_AGGRESSIVE;
				CLANG_CXX_LANGUAGE_STANDARD = "gnu++14";
				CLANG_CXX_LIBRARY = "libc++";
				CLANG_ENABLE_MODULES = YES;
				CLANG_ENABLE_OBJC_ARC = YES;
				CLANG_ENABLE_OBJC_WEAK = YES;
				CLANG_WARN_BLOCK_CAPTURE_AUTORELEASING = YES;
				CLANG_WARN_BOOL_CONVERSION = YES;
				CLANG_WARN_COMMA = YES;
				CLANG_WARN_CONSTANT_CONVERSION = YES;
				CLANG_WARN_DEPRECATED_OBJC_IMPLEMENTATIONS = YES;
				CLANG_WARN_DIRECT_OBJC_ISA_USAGE = YES_ERROR;
				CLANG_WARN_DOCUMENTATION_COMMENTS = YES;
				CLANG_WARN_EMPTY_BODY = YES;
				CLANG_WARN_ENUM_CONVERSION = YES;
				CLANG_WARN_INFINITE_RECURSION = YES;
				CLANG_WARN_INT_CONVERSION = YES;
				CLANG_WARN_NON_LITERAL_NULL_CONVERSION = YES;
				CLANG_WARN_OBJC_IMPLICIT_RETAIN_SELF = YES;
				CLANG_WARN_OBJC_LITERAL_CONVERSION = YES;
				CLANG_WARN_OBJC_ROOT_CLASS = YES_ERROR;
				CLANG_WARN_QUOTED_INCLUDE_IN_FRAMEWORK_HEADER = YES;
				CLANG_WARN_RANGE_LOOP_ANALYSIS = YES;
				CLANG_WARN_STRICT_PROTOTYPES = YES;
				CLANG_WARN_SUSPICIOUS_MOVE = YES;
				CLANG_WARN_UNGUARDED_AVAILABILITY = YES_AGGRESSIVE;
				CLANG_WARN_UNREACHABLE_CODE = YES;
				CLANG_WARN__DUPLICATE_METHOD_MATCH = YES;
				COPY_PHASE_STRIP = NO;
				DEBUG_INFORMATION_FORMAT = dwarf;
				ENABLE_STRICT_OBJC_MSGSEND = YES;
				ENABLE_TESTABILITY = YES;
				ENABLE_USER_SCRIPT_SANDBOXING = NO;
				GCC_C_LANGUAGE_STANDARD = gnu11;
				GCC_DYNAMIC_NO_PIC = NO;
				GCC_NO_COMMON_BLOCKS = YES;
				GCC_OPTIMIZATION_LEVEL = 0;
				GCC_PREPROCESSOR_DEFINITIONS = (
					"$(inherited)",
					"DEBUG=1",
				);
				GCC_WARN_64_TO_32_BIT_CONVERSION = YES;
				GCC_WARN_ABOUT_RETURN_TYPE = YES_ERROR;
				GCC_WARN_UNDECLARED_SELECTOR = YES;
				GCC_WARN_UNINITIALIZED_AUTOS = YES_AGGRESSIVE;
				GCC_WARN_UNUSED_FUNCTION = YES;
				GCC_WARN_UNUSED_VARIABLE = YES;
				IPHONEOS_DEPLOYMENT_TARGET = 16.0;
				MTL_ENABLE_DEBUG_INFO = INCLUDE_SOURCE;
				MTL_FAST_MATH = YES;
				ONLY_ACTIVE_ARCH = YES;
				PRODUCT_NAME = "$(TARGET_NAME)";
				SDKROOT = iphoneos;
				SWIFT_ACTIVE_COMPILATION_CONDITIONS = DEBUG;
				SWIFT_OBJC_BRIDGING_HEADER = App/VlcKitCropBridge.h;
				SWIFT_OPTIMIZATION_LEVEL = "-Onone";
				SWIFT_VERSION = 5.0;
				TARGETED_DEVICE_FAMILY = "1,2";
			};
			name = Debug;
		};
/* End XCBuildConfiguration section */

/* Begin XCConfigurationList section */
		241E1A255AFBB40DEA3A850A /* Build configuration list for PBXNativeTarget "VLC-iOS" */ = {
			isa = XCConfigurationList;
			buildConfigurations = (
				1BCE250A5DB7734D3E998CFA /* Debug */,
				03DB1188C6C055B755E50E7C /* Release */,
			);
			defaultConfigurationIsVisible = 0;
			defaultConfigurationName = Debug;
		};
		FB8472A272E3947C3A49C3F0 /* Build configuration list for PBXProject "VLC-iOS" */ = {
			isa = XCConfigurationList;
			buildConfigurations = (
				8A508BC863DE0A42B58114DB /* Debug */,
				132E632F63103FD6DEC441CD /* Release */,
			);
			defaultConfigurationIsVisible = 0;
			defaultConfigurationName = Debug;
		};
/* End XCConfigurationList section */

/* Begin XCRemoteSwiftPackageReference section */
		2920353C025CCCB9D83D616E /* XCRemoteSwiftPackageReference "VLCKit" */ = {
			isa = XCRemoteSwiftPackageReference;
			repositoryURL = "https://code.videolan.org/videolan/VLCKit.git";
			requirement = {
				kind = exactVersion;
				version = "4.0.0-a22";
			};
		};
/* End XCRemoteSwiftPackageReference section */

/* Begin XCSwiftPackageProductDependency section */
		335187A134082E869E357489 /* VLCKit */ = {
			isa = XCSwiftPackageProductDependency;
			package = 2920353C025CCCB9D83D616E /* XCRemoteSwiftPackageReference "VLCKit" */;
			productName = VLCKit;
		};
/* End XCSwiftPackageProductDependency section */
	};
	rootObject = E2E7DEF53F468C9E9D760D3C /* Project object */;
}
